
Microsoft Visual Studio Solution File, Format Version 12.00
# Visual Studio 15
VisualStudioVersion = 15.0.28307.757
MinimumVisualStudioVersion = 10.0.40219.1
Project("{2150E333-8FDC-42A3-9474-1A3956D46DE8}") = "Tests", "Tests", "{72F95E12-52FB-4A49-A831-7F50ECE9ECD7}"
EndProject
Project("{FAE04EC0-301F-11D3-BF4B-00C04F79EFBC}") = "MailSenderConsoleTest", "Tests\MailSenderConsoleTest\MailSenderConsoleTest.csproj", "{0780525C-853E-45AA-A780-6D7797847C90}"
EndProject
Project("{FAE04EC0-301F-11D3-BF4B-00C04F79EFBC}") = "MailSenderWPFTest", "Tests\MailSenderWPFTest\MailSenderWPFTest.csproj", "{A80EB461-808C-4256-B47A-E8DC6FF05F37}"
EndProject
Project("{FAE04EC0-301F-11D3-BF4B-00C04F79EFBC}") = "MailSenderLib", "MailSenderLib\MailSenderLib.csproj", "{9A11F89F-5E69-42A6-9BBE-032F7F7897E0}"
EndProject
Project("{FAE04EC0-301F-11D3-BF4B-00C04F79EFBC}") = "MailSender", "MailSender\MailSender.csproj", "{414C40E8-1F89-4A19-A7D5-0B9CA4B2D53D}"
EndProject
Project("{FAE04EC0-301F-11D3-BF4B-00C04F79EFBC}") = "MailSenderLib.Tests", "Tests\MailSenderLib.Tests\MailSenderLib.Tests.csproj", "{0FC9F580-ED85-4D4E-A3B0-5D81691DDC06}"
EndProject
Project("{2150E333-8FDC-42A3-9474-1A3956D46DE8}") = "HomeWork", "HomeWork", "{B7965EC2-26C2-4170-B216-52A56ACE9AF6}"
EndProject
Project("{FAE04EC0-301F-11D3-BF4B-00C04F79EFBC}") = "HomeWork_6", "HomeWork\HomeWork_6\HomeWork_6.csproj", "{E8F569CD-F56D-4640-9DAC-B64E6FD42628}"
EndProject
Project("{FAE04EC0-301F-11D3-BF4B-00C04F79EFBC}") = "TestLib", "Tests\TestLib\TestLib.csproj", "{4D1B02E3-E7C4-4FDF-A4C3-67D6EE5D0BDE}"
EndProject
Global
	GlobalSection(SolutionConfigurationPlatforms) = preSolution
		Debug|Any CPU = Debug|Any CPU
		Release|Any CPU = Release|Any CPU
	EndGlobalSection
	GlobalSection(ProjectConfigurationPlatforms) = postSolution
		{0780525C-853E-45AA-A780-6D7797847C90}.Debug|Any CPU.ActiveCfg = Debug|Any CPU
		{0780525C-853E-45AA-A780-6D7797847C90}.Debug|Any CPU.Build.0 = Debug|Any CPU
		{0780525C-853E-45AA-A780-6D7797847C90}.Release|Any CPU.ActiveCfg = Release|Any CPU
		{0780525C-853E-45AA-A780-6D7797847C90}.Release|Any CPU.Build.0 = Release|Any CPU
		{A80EB461-808C-4256-B47A-E8DC6FF05F37}.Debug|Any CPU.ActiveCfg = Debug|Any CPU
		{A80EB461-808C-4256-B47A-E8DC6FF05F37}.Debug|Any CPU.Build.0 = Debug|Any CPU
		{A80EB461-808C-4256-B47A-E8DC6FF05F37}.Release|Any CPU.ActiveCfg = Release|Any CPU
		{A80EB461-808C-4256-B47A-E8DC6FF05F37}.Release|Any CPU.Build.0 = Release|Any CPU
		{9A11F89F-5E69-42A6-9BBE-032F7F7897E0}.Debug|Any CPU.ActiveCfg = Debug|Any CPU
		{9A11F89F-5E69-42A6-9BBE-032F7F7897E0}.Debug|Any CPU.Build.0 = Debug|Any CPU
		{9A11F89F-5E69-42A6-9BBE-032F7F7897E0}.Release|Any CPU.ActiveCfg = Release|Any CPU
		{9A11F89F-5E69-42A6-9BBE-032F7F7897E0}.Release|Any CPU.Build.0 = Release|Any CPU
		{414C40E8-1F89-4A19-A7D5-0B9CA4B2D53D}.Debug|Any CPU.ActiveCfg = Debug|Any CPU
		{414C40E8-1F89-4A19-A7D5-0B9CA4B2D53D}.Debug|Any CPU.Build.0 = Debug|Any CPU
		{414C40E8-1F89-4A19-A7D5-0B9CA4B2D53D}.Release|Any CPU.ActiveCfg = Release|Any CPU
		{414C40E8-1F89-4A19-A7D5-0B9CA4B2D53D}.Release|Any CPU.Build.0 = Release|Any CPU
		{0FC9F580-ED85-4D4E-A3B0-5D81691DDC06}.Debug|Any CPU.ActiveCfg = Debug|Any CPU
		{0FC9F580-ED85-4D4E-A3B0-5D81691DDC06}.Debug|Any CPU.Build.0 = Debug|Any CPU
		{0FC9F580-ED85-4D4E-A3B0-5D81691DDC06}.Release|Any CPU.ActiveCfg = Release|Any CPU
		{0FC9F580-ED85-4D4E-A3B0-5D81691DDC06}.Release|Any CPU.Build.0 = Release|Any CPU
		{E8F569CD-F56D-4640-9DAC-B64E6FD42628}.Debug|Any CPU.ActiveCfg = Debug|Any CPU
		{E8F569CD-F56D-4640-9DAC-B64E6FD42628}.Debug|Any CPU.Build.0 = Debug|Any CPU
		{E8F569CD-F56D-4640-9DAC-B64E6FD42628}.Release|Any CPU.ActiveCfg = Release|Any CPU
		{E8F569CD-F56D-4640-9DAC-B64E6FD42628}.Release|Any CPU.Build.0 = Release|Any CPU
		{4D1B02E3-E7C4-4FDF-A4C3-67D6EE5D0BDE}.Debug|Any CPU.ActiveCfg = Debug|Any CPU
		{4D1B02E3-E7C4-4FDF-A4C3-67D6EE5D0BDE}.Debug|Any CPU.Build.0 = Debug|Any CPU
		{4D1B02E3-E7C4-4FDF-A4C3-67D6EE5D0BDE}.Release|Any CPU.ActiveCfg = Release|Any CPU
		{4D1B02E3-E7C4-4FDF-A4C3-67D6EE5D0BDE}.Release|Any CPU.Build.0 = Release|Any CPU
	EndGlobalSection
	GlobalSection(SolutionProperties) = preSolution
		HideSolutionNode = FALSE
	EndGlobalSection
	GlobalSection(NestedProjects) = preSolution
		{0780525C-853E-45AA-A780-6D7797847C90} = {72F95E12-52FB-4A49-A831-7F50ECE9ECD7}
		{A80EB461-808C-4256-B47A-E8DC6FF05F37} = {72F95E12-52FB-4A49-A831-7F50ECE9ECD7}
		{0FC9F580-ED85-4D4E-A3B0-5D81691DDC06} = {72F95E12-52FB-4A49-A831-7F50ECE9ECD7}
		{E8F569CD-F56D-4640-9DAC-B64E6FD42628} = {B7965EC2-26C2-4170-B216-52A56ACE9AF6}
		{4D1B02E3-E7C4-4FDF-A4C3-67D6EE5D0BDE} = {72F95E12-52FB-4A49-A831-7F50ECE9ECD7}
	EndGlobalSection
	GlobalSection(ExtensibilityGlobals) = postSolution
		SolutionGuid = {07B2D31F-F18E-4045-80A2-7271D2285128}
	EndGlobalSection
EndGlobal
