
Microsoft Visual Studio Solution File, Format Version 12.00
# Visual Studio Version 16
VisualStudioVersion = 16.0.29215.179
MinimumVisualStudioVersion = 10.0.40219.1
Project("{FAE04EC0-301F-11D3-BF4B-00C04F79EFBC}") = "MailSender", "WpfTestMailSender\MailSender.csproj", "{414C40E8-1F89-4A19-A7D5-0B9CA4B2D53D}"
EndProject
Project("{2150E333-8FDC-42A3-9474-1A3956D46DE8}") = "Tests", "Tests", "{72F95E12-52FB-4A49-A831-7F50ECE9ECD7}"
EndProject
Project("{FAE04EC0-301F-11D3-BF4B-00C04F79EFBC}") = "MailSenderConsoleTest", "Tests\MailSenderConsoleTest\MailSenderConsoleTest.csproj", "{0780525C-853E-45AA-A780-6D7797847C90}"
EndProject
Project("{FAE04EC0-301F-11D3-BF4B-00C04F79EFBC}") = "MailSenderWPFTest", "Tests\MailSenderWPFTest\MailSenderWPFTest.csproj", "{A80EB461-808C-4256-B47A-E8DC6FF05F37}"
EndProject
Global
	GlobalSection(SolutionConfigurationPlatforms) = preSolution
		Debug|Any CPU = Debug|Any CPU
		Release|Any CPU = Release|Any CPU
	EndGlobalSection
	GlobalSection(ProjectConfigurationPlatforms) = postSolution
		{414C40E8-1F89-4A19-A7D5-0B9CA4B2D53D}.Debug|Any CPU.ActiveCfg = Debug|Any CPU
		{414C40E8-1F89-4A19-A7D5-0B9CA4B2D53D}.Debug|Any CPU.Build.0 = Debug|Any CPU
		{414C40E8-1F89-4A19-A7D5-0B9CA4B2D53D}.Release|Any CPU.ActiveCfg = Release|Any CPU
		{414C40E8-1F89-4A19-A7D5-0B9CA4B2D53D}.Release|Any CPU.Build.0 = Release|Any CPU
		{0780525C-853E-45AA-A780-6D7797847C90}.Debug|Any CPU.ActiveCfg = Debug|Any CPU
		{0780525C-853E-45AA-A780-6D7797847C90}.Debug|Any CPU.Build.0 = Debug|Any CPU
		{0780525C-853E-45AA-A780-6D7797847C90}.Release|Any CPU.ActiveCfg = Release|Any CPU
		{0780525C-853E-45AA-A780-6D7797847C90}.Release|Any CPU.Build.0 = Release|Any CPU
		{A80EB461-808C-4256-B47A-E8DC6FF05F37}.Debug|Any CPU.ActiveCfg = Debug|Any CPU
		{A80EB461-808C-4256-B47A-E8DC6FF05F37}.Debug|Any CPU.Build.0 = Debug|Any CPU
		{A80EB461-808C-4256-B47A-E8DC6FF05F37}.Release|Any CPU.ActiveCfg = Release|Any CPU
		{A80EB461-808C-4256-B47A-E8DC6FF05F37}.Release|Any CPU.Build.0 = Release|Any CPU
	EndGlobalSection
	GlobalSection(SolutionProperties) = preSolution
		HideSolutionNode = FALSE
	EndGlobalSection
	GlobalSection(NestedProjects) = preSolution
		{0780525C-853E-45AA-A780-6D7797847C90} = {72F95E12-52FB-4A49-A831-7F50ECE9ECD7}
		{A80EB461-808C-4256-B47A-E8DC6FF05F37} = {72F95E12-52FB-4A49-A831-7F50ECE9ECD7}
	EndGlobalSection
	GlobalSection(ExtensibilityGlobals) = postSolution
		SolutionGuid = {07B2D31F-F18E-4045-80A2-7271D2285128}
	EndGlobalSection
EndGlobal
